// !$*UTF8*$!
{
	archiveVersion = 1;
	classes = {
	};
	objectVersion = 50;
	objects = {

/* Begin PBXBuildFile section */
		2606D64221747F840080740A /* AppDelegate.swift in Sources */ = {isa = PBXBuildFile; fileRef = 2606D64121747F840080740A /* AppDelegate.swift */; };
		2606D64421747F850080740A /* ViewController.swift in Sources */ = {isa = PBXBuildFile; fileRef = 2606D64321747F850080740A /* ViewController.swift */; };
		2606D64721747F850080740A /* Main.storyboard in Resources */ = {isa = PBXBuildFile; fileRef = 2606D64521747F850080740A /* Main.storyboard */; };
		2606D64921747F870080740A /* Assets.xcassets in Resources */ = {isa = PBXBuildFile; fileRef = 2606D64821747F870080740A /* Assets.xcassets */; };
		2606D64C21747F870080740A /* LaunchScreen.storyboard in Resources */ = {isa = PBXBuildFile; fileRef = 2606D64A21747F870080740A /* LaunchScreen.storyboard */; };
		2606D65721747F870080740A /* RotatoTests.swift in Sources */ = {isa = PBXBuildFile; fileRef = 2606D65621747F870080740A /* RotatoTests.swift */; };
		2606D66221747F870080740A /* RotatoUITests.swift in Sources */ = {isa = PBXBuildFile; fileRef = 2606D66121747F870080740A /* RotatoUITests.swift */; };
/* End PBXBuildFile section */

/* Begin PBXContainerItemProxy section */
		2606D65321747F870080740A /* PBXContainerItemProxy */ = {
			isa = PBXContainerItemProxy;
			containerPortal = 2606D63621747F840080740A /* Project object */;
			proxyType = 1;
			remoteGlobalIDString = 2606D63D21747F840080740A;
			remoteInfo = Rotato;
		};
		2606D65E21747F870080740A /* PBXContainerItemProxy */ = {
			isa = PBXContainerItemProxy;
			containerPortal = 2606D63621747F840080740A /* Project object */;
			proxyType = 1;
			remoteGlobalIDString = 2606D63D21747F840080740A;
			remoteInfo = Rotato;
		};
/* End PBXContainerItemProxy section */

/* Begin PBXFileReference section */
		2606D63E21747F840080740A /* Rotato.app */ = {isa = PBXFileReference; explicitFileType = wrapper.application; includeInIndex = 0; path = Rotato.app; sourceTree = BUILT_PRODUCTS_DIR; };
		2606D64121747F840080740A /* AppDelegate.swift */ = {isa = PBXFileReference; lastKnownFileType = sourcecode.swift; path = AppDelegate.swift; sourceTree = "<group>"; };
		2606D64321747F850080740A /* ViewController.swift */ = {isa = PBXFileReference; lastKnownFileType = sourcecode.swift; path = ViewController.swift; sourceTree = "<group>"; };
		2606D64621747F850080740A /* Base */ = {isa = PBXFileReference; lastKnownFileType = file.storyboard; name = Base; path = Base.lproj/Main.storyboard; sourceTree = "<group>"; };
		2606D64821747F870080740A /* Assets.xcassets */ = {isa = PBXFileReference; lastKnownFileType = folder.assetcatalog; path = Assets.xcassets; sourceTree = "<group>"; };
		2606D64B21747F870080740A /* Base */ = {isa = PBXFileReference; lastKnownFileType = file.storyboard; name = Base; path = Base.lproj/LaunchScreen.storyboard; sourceTree = "<group>"; };
		2606D64D21747F870080740A /* Info.plist */ = {isa = PBXFileReference; lastKnownFileType = text.plist.xml; path = Info.plist; sourceTree = "<group>"; };
		2606D65221747F870080740A /* RotatoTests.xctest */ = {isa = PBXFileReference; explicitFileType = wrapper.cfbundle; includeInIndex = 0; path = RotatoTests.xctest; sourceTree = BUILT_PRODUCTS_DIR; };
		2606D65621747F870080740A /* RotatoTests.swift */ = {isa = PBXFileReference; lastKnownFileType = sourcecode.swift; path = RotatoTests.swift; sourceTree = "<group>"; };
		2606D65821747F870080740A /* Info.plist */ = {isa = PBXFileReference; lastKnownFileType = text.plist.xml; path = Info.plist; sourceTree = "<group>"; };
		2606D65D21747F870080740A /* RotatoUITests.xctest */ = {isa = PBXFileReference; explicitFileType = wrapper.cfbundle; includeInIndex = 0; path = RotatoUITests.xctest; sourceTree = BUILT_PRODUCTS_DIR; };
		2606D66121747F870080740A /* RotatoUITests.swift */ = {isa = PBXFileReference; lastKnownFileType = sourcecode.swift; path = RotatoUITests.swift; sourceTree = "<group>"; };
		2606D66321747F870080740A /* Info.plist */ = {isa = PBXFileReference; lastKnownFileType = text.plist.xml; path = Info.plist; sourceTree = "<group>"; };
/* End PBXFileReference section */

/* Begin PBXFrameworksBuildPhase section */
		2606D63B21747F840080740A /* Frameworks */ = {
			isa = PBXFrameworksBuildPhase;
			buildActionMask = 2147483647;
			files = (
			);
			runOnlyForDeploymentPostprocessing = 0;
		};
		2606D64F21747F870080740A /* Frameworks */ = {
			isa = PBXFrameworksBuildPhase;
			buildActionMask = 2147483647;
			files = (
			);
			runOnlyForDeploymentPostprocessing = 0;
		};
		2606D65A21747F870080740A /* Frameworks */ = {
			isa = PBXFrameworksBuildPhase;
			buildActionMask = 2147483647;
			files = (
			);
			runOnlyForDeploymentPostprocessing = 0;
		};
/* End PBXFrameworksBuildPhase section */

/* Begin PBXGroup section */
		2606D63521747F840080740A = {
			isa = PBXGroup;
			children = (
				2606D64021747F840080740A /* Rotato */,
				2606D65521747F870080740A /* RotatoTests */,
				2606D66021747F870080740A /* RotatoUITests */,
				2606D63F21747F840080740A /* Products */,
			);
			sourceTree = "<group>";
		};
		2606D63F21747F840080740A /* Products */ = {
			isa = PBXGroup;
			children = (
				2606D63E21747F840080740A /* Rotato.app */,
				2606D65221747F870080740A /* RotatoTests.xctest */,
				2606D65D21747F870080740A /* RotatoUITests.xctest */,
			);
			name = Products;
			sourceTree = "<group>";
		};
		2606D64021747F840080740A /* Rotato */ = {
			isa = PBXGroup;
			children = (
				2606D64121747F840080740A /* AppDelegate.swift */,
				2606D64321747F850080740A /* ViewController.swift */,
				2606D64521747F850080740A /* Main.storyboard */,
				2606D64821747F870080740A /* Assets.xcassets */,
				2606D64A21747F870080740A /* LaunchScreen.storyboard */,
				2606D64D21747F870080740A /* Info.plist */,
			);
			path = Rotato;
			sourceTree = "<group>";
		};
		2606D65521747F870080740A /* RotatoTests */ = {
			isa = PBXGroup;
			children = (
				2606D65621747F870080740A /* RotatoTests.swift */,
				2606D65821747F870080740A /* Info.plist */,
			);
			path = RotatoTests;
			sourceTree = "<group>";
		};
		2606D66021747F870080740A /* RotatoUITests */ = {
			isa = PBXGroup;
			children = (
				2606D66121747F870080740A /* RotatoUITests.swift */,
				2606D66321747F870080740A /* Info.plist */,
			);
			path = RotatoUITests;
			sourceTree = "<group>";
		};
/* End PBXGroup section */

/* Begin PBXNativeTarget section */
		2606D63D21747F840080740A /* Rotato */ = {
			isa = PBXNativeTarget;
			buildConfigurationList = 2606D66621747F870080740A /* Build configuration list for PBXNativeTarget "Rotato" */;
			buildPhases = (
				2606D63A21747F840080740A /* Sources */,
				2606D63B21747F840080740A /* Frameworks */,
				2606D63C21747F840080740A /* Resources */,
			);
			buildRules = (
			);
			dependencies = (
			);
			name = Rotato;
			productName = Rotato;
			productReference = 2606D63E21747F840080740A /* Rotato.app */;
			productType = "com.apple.product-type.application";
		};
		2606D65121747F870080740A /* RotatoTests */ = {
			isa = PBXNativeTarget;
			buildConfigurationList = 2606D66921747F870080740A /* Build configuration list for PBXNativeTarget "RotatoTests" */;
			buildPhases = (
				2606D64E21747F870080740A /* Sources */,
				2606D64F21747F870080740A /* Frameworks */,
				2606D65021747F870080740A /* Resources */,
			);
			buildRules = (
			);
			dependencies = (
				2606D65421747F870080740A /* PBXTargetDependency */,
			);
			name = RotatoTests;
			productName = RotatoTests;
			productReference = 2606D65221747F870080740A /* RotatoTests.xctest */;
			productType = "com.apple.product-type.bundle.unit-test";
		};
		2606D65C21747F870080740A /* RotatoUITests */ = {
			isa = PBXNativeTarget;
			buildConfigurationList = 2606D66C21747F870080740A /* Build configuration list for PBXNativeTarget "RotatoUITests" */;
			buildPhases = (
				2606D65921747F870080740A /* Sources */,
				2606D65A21747F870080740A /* Frameworks */,
				2606D65B21747F870080740A /* Resources */,
			);
			buildRules = (
			);
			dependencies = (
				2606D65F21747F870080740A /* PBXTargetDependency */,
			);
			name = RotatoUITests;
			productName = RotatoUITests;
			productReference = 2606D65D21747F870080740A /* RotatoUITests.xctest */;
			productType = "com.apple.product-type.bundle.ui-testing";
		};
/* End PBXNativeTarget section */

/* Begin PBXProject section */
		2606D63621747F840080740A /* Project object */ = {
			isa = PBXProject;
			attributes = {
				LastSwiftUpdateCheck = 1000;
				LastUpgradeCheck = 1000;
				ORGANIZATIONNAME = Kaycheez;
				TargetAttributes = {
					2606D63D21747F840080740A = {
						CreatedOnToolsVersion = 10.0;
					};
					2606D65121747F870080740A = {
						CreatedOnToolsVersion = 10.0;
						TestTargetID = 2606D63D21747F840080740A;
					};
					2606D65C21747F870080740A = {
						CreatedOnToolsVersion = 10.0;
						TestTargetID = 2606D63D21747F840080740A;
					};
				};
			};
			buildConfigurationList = 2606D63921747F840080740A /* Build configuration list for PBXProject "Rotato" */;
			compatibilityVersion = "Xcode 9.3";
			developmentRegion = en;
			hasScannedForEncodings = 0;
			knownRegions = (
				en,
				Base,
			);
			mainGroup = 2606D63521747F840080740A;
			productRefGroup = 2606D63F21747F840080740A /* Products */;
			projectDirPath = "";
			projectRoot = "";
			targets = (
				2606D63D21747F840080740A /* Rotato */,
				2606D65121747F870080740A /* RotatoTests */,
				2606D65C21747F870080740A /* RotatoUITests */,
			);
		};
/* End PBXProject section */

/* Begin PBXResourcesBuildPhase section */
		2606D63C21747F840080740A /* Resources */ = {
			isa = PBXResourcesBuildPhase;
			buildActionMask = 2147483647;
			files = (
				2606D64C21747F870080740A /* LaunchScreen.storyboard in Resources */,
				2606D64921747F870080740A /* Assets.xcassets in Resources */,
				2606D64721747F850080740A /* Main.storyboard in Resources */,
			);
			runOnlyForDeploymentPostprocessing = 0;
		};
		2606D65021747F870080740A /* Resources */ = {
			isa = PBXResourcesBuildPhase;
			buildActionMask = 2147483647;
			files = (
			);
			runOnlyForDeploymentPostprocessing = 0;
		};
		2606D65B21747F870080740A /* Resources */ = {
			isa = PBXResourcesBuildPhase;
			buildActionMask = 2147483647;
			files = (
			);
			runOnlyForDeploymentPostprocessing = 0;
		};
/* End PBXResourcesBuildPhase section */

/* Begin PBXSourcesBuildPhase section */
		2606D63A21747F840080740A /* Sources */ = {
			isa = PBXSourcesBuildPhase;
			buildActionMask = 2147483647;
			files = (
				2606D64421747F850080740A /* ViewController.swift in Sources */,
				2606D64221747F840080740A /* AppDelegate.swift in Sources */,
			);
			runOnlyForDeploymentPostprocessing = 0;
		};
		2606D64E21747F870080740A /* Sources */ = {
			isa = PBXSourcesBuildPhase;
			buildActionMask = 2147483647;
			files = (
				2606D65721747F870080740A /* RotatoTests.swift in Sources */,
			);
			runOnlyForDeploymentPostprocessing = 0;
		};
		2606D65921747F870080740A /* Sources */ = {
			isa = PBXSourcesBuildPhase;
			buildActionMask = 2147483647;
			files = (
				2606D66221747F870080740A /* RotatoUITests.swift in Sources */,
			);
			runOnlyForDeploymentPostprocessing = 0;
		};
/* End PBXSourcesBuildPhase section */

/* Begin PBXTargetDependency section */
		2606D65421747F870080740A /* PBXTargetDependency */ = {
			isa = PBXTargetDependency;
			target = 2606D63D21747F840080740A /* Rotato */;
			targetProxy = 2606D65321747F870080740A /* PBXContainerItemProxy */;
		};
		2606D65F21747F870080740A /* PBXTargetDependency */ = {
			isa = PBXTargetDependency;
			target = 2606D63D21747F840080740A /* Rotato */;
			targetProxy = 2606D65E21747F870080740A /* PBXContainerItemProxy */;
		};
/* End PBXTargetDependency section */

/* Begin PBXVariantGroup section */
		2606D64521747F850080740A /* Main.storyboard */ = {
			isa = PBXVariantGroup;
			children = (
				2606D64621747F850080740A /* Base */,
			);
			name = Main.storyboard;
			sourceTree = "<group>";
		};
		2606D64A21747F870080740A /* LaunchScreen.storyboard */ = {
			isa = PBXVariantGroup;
			children = (
				2606D64B21747F870080740A /* Base */,
			);
			name = LaunchScreen.storyboard;
			sourceTree = "<group>";
		};
/* End PBXVariantGroup section */

/* Begin XCBuildConfiguration section */
		2606D66421747F870080740A /* Debug */ = {
			isa = XCBuildConfiguration;
			buildSettings = {
				ALWAYS_SEARCH_USER_PATHS = NO;
				CLANG_ANALYZER_NONNULL = YES;
				CLANG_ANALYZER_NUMBER_OBJECT_CONVERSION = YES_AGGRESSIVE;
				CLANG_CXX_LANGUAGE_STANDARD = "gnu++14";
				CLANG_CXX_LIBRARY = "libc++";
				CLANG_ENABLE_MODULES = YES;
				CLANG_ENABLE_OBJC_ARC = YES;
				CLANG_ENABLE_OBJC_WEAK = YES;
				CLANG_WARN_BLOCK_CAPTURE_AUTORELEASING = YES;
				CLANG_WARN_BOOL_CONVERSION = YES;
				CLANG_WARN_COMMA = YES;
				CLANG_WARN_CONSTANT_CONVERSION = YES;
				CLANG_WARN_DEPRECATED_OBJC_IMPLEMENTATIONS = YES;
				CLANG_WARN_DIRECT_OBJC_ISA_USAGE = YES_ERROR;
				CLANG_WARN_DOCUMENTATION_COMMENTS = YES;
				CLANG_WARN_EMPTY_BODY = YES;
				CLANG_WARN_ENUM_CONVERSION = YES;
				CLANG_WARN_INFINITE_RECURSION = YES;
				CLANG_WARN_INT_CONVERSION = YES;
				CLANG_WARN_NON_LITERAL_NULL_CONVERSION = YES;
				CLANG_WARN_OBJC_IMPLICIT_RETAIN_SELF = YES;
				CLANG_WARN_OBJC_LITERAL_CONVERSION = YES;
				CLANG_WARN_OBJC_ROOT_CLASS = YES_ERROR;
				CLANG_WARN_RANGE_LOOP_ANALYSIS = YES;
				CLANG_WARN_STRICT_PROTOTYPES = YES;
				CLANG_WARN_SUSPICIOUS_MOVE = YES;
				CLANG_WARN_UNGUARDED_AVAILABILITY = YES_AGGRESSIVE;
				CLANG_WARN_UNREACHABLE_CODE = YES;
				CLANG_WARN__DUPLICATE_METHOD_MATCH = YES;
				CODE_SIGN_IDENTITY = "iPhone Developer";
				COPY_PHASE_STRIP = NO;
				DEBUG_INFORMATION_FORMAT = dwarf;
				ENABLE_STRICT_OBJC_MSGSEND = YES;
				ENABLE_TESTABILITY = YES;
				GCC_C_LANGUAGE_STANDARD = gnu11;
				GCC_DYNAMIC_NO_PIC = NO;
				GCC_NO_COMMON_BLOCKS = YES;
				GCC_OPTIMIZATION_LEVEL = 0;
				GCC_PREPROCESSOR_DEFINITIONS = (
					"DEBUG=1",
					"$(inherited)",
				);
				GCC_WARN_64_TO_32_BIT_CONVERSION = YES;
				GCC_WARN_ABOUT_RETURN_TYPE = YES_ERROR;
				GCC_WARN_UNDECLARED_SELECTOR = YES;
				GCC_WARN_UNINITIALIZED_AUTOS = YES_AGGRESSIVE;
				GCC_WARN_UNUSED_FUNCTION = YES;
				GCC_WARN_UNUSED_VARIABLE = YES;
				IPHONEOS_DEPLOYMENT_TARGET = 12.0;
				MTL_ENABLE_DEBUG_INFO = INCLUDE_SOURCE;
				MTL_FAST_MATH = YES;
				ONLY_ACTIVE_ARCH = YES;
				SDKROOT = iphoneos;
				SWIFT_ACTIVE_COMPILATION_CONDITIONS = DEBUG;
				SWIFT_OPTIMIZATION_LEVEL = "-Onone";
			};
			name = Debug;
		};
		2606D66521747F870080740A /* Release */ = {
			isa = XCBuildConfiguration;
			buildSettings = {
				ALWAYS_SEARCH_USER_PATHS = NO;
				CLANG_ANALYZER_NONNULL = YES;
				CLANG_ANALYZER_NUMBER_OBJECT_CONVERSION = YES_AGGRESSIVE;
				CLANG_CXX_LANGUAGE_STANDARD = "gnu++14";
				CLANG_CXX_LIBRARY = "libc++";
				CLANG_ENABLE_MODULES = YES;
				CLANG_ENABLE_OBJC_ARC = YES;
				CLANG_ENABLE_OBJC_WEAK = YES;
				CLANG_WARN_BLOCK_CAPTURE_AUTORELEASING = YES;
				CLANG_WARN_BOOL_CONVERSION = YES;
				CLANG_WARN_COMMA = YES;
				CLANG_WARN_CONSTANT_CONVERSION = YES;
				CLANG_WARN_DEPRECATED_OBJC_IMPLEMENTATIONS = YES;
				CLANG_WARN_DIRECT_OBJC_ISA_USAGE = YES_ERROR;
				CLANG_WARN_DOCUMENTATION_COMMENTS = YES;
				CLANG_WARN_EMPTY_BODY = YES;
				CLANG_WARN_ENUM_CONVERSION = YES;
				CLANG_WARN_INFINITE_RECURSION = YES;
				CLANG_WARN_INT_CONVERSION = YES;
				CLANG_WARN_NON_LITERAL_NULL_CONVERSION = YES;
				CLANG_WARN_OBJC_IMPLICIT_RETAIN_SELF = YES;
				CLANG_WARN_OBJC_LITERAL_CONVERSION = YES;
				CLANG_WARN_OBJC_ROOT_CLASS = YES_ERROR;
				CLANG_WARN_RANGE_LOOP_ANALYSIS = YES;
				CLANG_WARN_STRICT_PROTOTYPES = YES;
				CLANG_WARN_SUSPICIOUS_MOVE = YES;
				CLANG_WARN_UNGUARDED_AVAILABILITY = YES_AGGRESSIVE;
				CLANG_WARN_UNREACHABLE_CODE = YES;
				CLANG_WARN__DUPLICATE_METHOD_MATCH = YES;
				CODE_SIGN_IDENTITY = "iPhone Developer";
				COPY_PHASE_STRIP = NO;
				DEBUG_INFORMATION_FORMAT = "dwarf-with-dsym";
				ENABLE_NS_ASSERTIONS = NO;
				ENABLE_STRICT_OBJC_MSGSEND = YES;
				GCC_C_LANGUAGE_STANDARD = gnu11;
				GCC_NO_COMMON_BLOCKS = YES;
				GCC_WARN_64_TO_32_BIT_CONVERSION = YES;
				GCC_WARN_ABOUT_RETURN_TYPE = YES_ERROR;
				GCC_WARN_UNDECLARED_SELECTOR = YES;
				GCC_WARN_UNINITIALIZED_AUTOS = YES_AGGRESSIVE;
				GCC_WARN_UNUSED_FUNCTION = YES;
				GCC_WARN_UNUSED_VARIABLE = YES;
				IPHONEOS_DEPLOYMENT_TARGET = 12.0;
				MTL_ENABLE_DEBUG_INFO = NO;
				MTL_FAST_MATH = YES;
				SDKROOT = iphoneos;
				SWIFT_COMPILATION_MODE = wholemodule;
				SWIFT_OPTIMIZATION_LEVEL = "-O";
				VALIDATE_PRODUCT = YES;
			};
			name = Release;
		};
		2606D66721747F870080740A /* Debug */ = {
			isa = XCBuildConfiguration;
			buildSettings = {
				ASSETCATALOG_COMPILER_APPICON_NAME = AppIcon;
				CODE_SIGN_STYLE = Automatic;
				INFOPLIST_FILE = Rotato/Info.plist;
				LD_RUNPATH_SEARCH_PATHS = (
					"$(inherited)",
					"@executable_path/Frameworks",
				);
				PRODUCT_BUNDLE_IDENTIFIER = kaycheez.Rotato;
				PRODUCT_NAME = "$(TARGET_NAME)";
				SWIFT_VERSION = 4.2;
				TARGETED_DEVICE_FAMILY = "1,2";
			};
			name = Debug;
		};
		2606D66821747F870080740A /* Release */ = {
			isa = XCBuildConfiguration;
			buildSettings = {
				ASSETCATALOG_COMPILER_APPICON_NAME = AppIcon;
				CODE_SIGN_STYLE = Automatic;
				INFOPLIST_FILE = Rotato/Info.plist;
				LD_RUNPATH_SEARCH_PATHS = (
					"$(inherited)",
					"@executable_path/Frameworks",
				);
				PRODUCT_BUNDLE_IDENTIFIER = kaycheez.Rotato;
				PRODUCT_NAME = "$(TARGET_NAME)";
				SWIFT_VERSION = 4.2;
				TARGETED_DEVICE_FAMILY = "1,2";
			};
			name = Release;
		};
		2606D66A21747F870080740A /* Debug */ = {
			isa = XCBuildConfiguration;
			buildSettings = {
				ALWAYS_EMBED_SWIFT_STANDARD_LIBRARIES = YES;
				BUNDLE_LOADER = "$(TEST_HOST)";
				CODE_SIGN_STYLE = Automatic;
				INFOPLIST_FILE = RotatoTests/Info.plist;
				LD_RUNPATH_SEARCH_PATHS = (
					"$(inherited)",
					"@executable_path/Frameworks",
					"@loader_path/Frameworks",
				);
				PRODUCT_BUNDLE_IDENTIFIER = kaycheez.RotatoTests;
				PRODUCT_NAME = "$(TARGET_NAME)";
				SWIFT_VERSION = 4.2;
				TARGETED_DEVICE_FAMILY = "1,2";
				TEST_HOST = "$(BUILT_PRODUCTS_DIR)/Rotato.app/Rotato";
			};
			name = Debug;
		};
		2606D66B21747F870080740A /* Release */ = {
			isa = XCBuildConfiguration;
			buildSettings = {
				ALWAYS_EMBED_SWIFT_STANDARD_LIBRARIES = YES;
				BUNDLE_LOADER = "$(TEST_HOST)";
				CODE_SIGN_STYLE = Automatic;
				INFOPLIST_FILE = RotatoTests/Info.plist;
				LD_RUNPATH_SEARCH_PATHS = (
					"$(inherited)",
					"@executable_path/Frameworks",
					"@loader_path/Frameworks",
				);
				PRODUCT_BUNDLE_IDENTIFIER = kaycheez.RotatoTests;
				PRODUCT_NAME = "$(TARGET_NAME)";
				SWIFT_VERSION = 4.2;
				TARGETED_DEVICE_FAMILY = "1,2";
				TEST_HOST = "$(BUILT_PRODUCTS_DIR)/Rotato.app/Rotato";
			};
			name = Release;
		};
		2606D66D21747F870080740A /* Debug */ = {
			isa = XCBuildConfiguration;
			buildSettings = {
				ALWAYS_EMBED_SWIFT_STANDARD_LIBRARIES = YES;
				CODE_SIGN_STYLE = Automatic;
				INFOPLIST_FILE = RotatoUITests/Info.plist;
				LD_RUNPATH_SEARCH_PATHS = (
					"$(inherited)",
					"@executable_path/Frameworks",
					"@loader_path/Frameworks",
				);
				PRODUCT_BUNDLE_IDENTIFIER = kaycheez.RotatoUITests;
				PRODUCT_NAME = "$(TARGET_NAME)";
				SWIFT_VERSION = 4.2;
				TARGETED_DEVICE_FAMILY = "1,2";
				TEST_TARGET_NAME = Rotato;
			};
			name = Debug;
		};
		2606D66E21747F870080740A /* Release */ = {
			isa = XCBuildConfiguration;
			buildSettings = {
				ALWAYS_EMBED_SWIFT_STANDARD_LIBRARIES = YES;
				CODE_SIGN_STYLE = Automatic;
				INFOPLIST_FILE = RotatoUITests/Info.plist;
				LD_RUNPATH_SEARCH_PATHS = (
					"$(inherited)",
					"@executable_path/Frameworks",
					"@loader_path/Frameworks",
				);
				PRODUCT_BUNDLE_IDENTIFIER = kaycheez.RotatoUITests;
				PRODUCT_NAME = "$(TARGET_NAME)";
				SWIFT_VERSION = 4.2;
				TARGETED_DEVICE_FAMILY = "1,2";
				TEST_TARGET_NAME = Rotato;
			};
			name = Release;
		};
/* End XCBuildConfiguration section */

/* Begin XCConfigurationList section */
		2606D63921747F840080740A /* Build configuration list for PBXProject "Rotato" */ = {
			isa = XCConfigurationList;
			buildConfigurations = (
				2606D66421747F870080740A /* Debug */,
				2606D66521747F870080740A /* Release */,
			);
			defaultConfigurationIsVisible = 0;
			defaultConfigurationName = Release;
		};
		2606D66621747F870080740A /* Build configuration list for PBXNativeTarget "Rotato" */ = {
			isa = XCConfigurationList;
			buildConfigurations = (
				2606D66721747F870080740A /* Debug */,
				2606D66821747F870080740A /* Release */,
			);
			defaultConfigurationIsVisible = 0;
			defaultConfigurationName = Release;
		};
		2606D66921747F870080740A /* Build configuration list for PBXNativeTarget "RotatoTests" */ = {
			isa = XCConfigurationList;
			buildConfigurations = (
				2606D66A21747F870080740A /* Debug */,
				2606D66B21747F870080740A /* Release */,
			);
			defaultConfigurationIsVisible = 0;
			defaultConfigurationName = Release;
		};
		2606D66C21747F870080740A /* Build configuration list for PBXNativeTarget "RotatoUITests" */ = {
			isa = XCConfigurationList;
			buildConfigurations = (
				2606D66D21747F870080740A /* Debug */,
				2606D66E21747F870080740A /* Release */,
			);
			defaultConfigurationIsVisible = 0;
			defaultConfigurationName = Release;
		};
/* End XCConfigurationList section */
	};
	rootObject = 2606D63621747F840080740A /* Project object */;
}
